// !$*UTF8*$!
{
	archiveVersion = 1;
	classes = {
	};
	objectVersion = 50;
	objects = {

/* Begin PBXBuildFile section */
		402779552461F3190076BE24 /* HandleErrors.swift in Sources */ = {isa = PBXBuildFile; fileRef = 402779542461F3190076BE24 /* HandleErrors.swift */; };
		4027D68024589D2D0046DE58 /* DatabaseService.swift in Sources */ = {isa = PBXBuildFile; fileRef = 4027D67F24589D2D0046DE58 /* DatabaseService.swift */; };
		4061B394245B74220027775C /* Color.swift in Sources */ = {isa = PBXBuildFile; fileRef = 4061B393245B74220027775C /* Color.swift */; };
		406EA9D22460A56E00903350 /* Task.swift in Sources */ = {isa = PBXBuildFile; fileRef = 406EA9D12460A56E00903350 /* Task.swift */; };
		406EA9D62460A5FD00903350 /* CDManager.swift in Sources */ = {isa = PBXBuildFile; fileRef = 406EA9D52460A5FD00903350 /* CDManager.swift */; };
		409D5032245B4E35006D66AC /* TaskBO.swift in Sources */ = {isa = PBXBuildFile; fileRef = 409D5031245B4E35006D66AC /* TaskBO.swift */; };
		409D5034245B4EC5006D66AC /* TaskDAO.swift in Sources */ = {isa = PBXBuildFile; fileRef = 409D5033245B4EC5006D66AC /* TaskDAO.swift */; };
		691033A0245A15F6009D5D58 /* UIStoryboard.swift in Sources */ = {isa = PBXBuildFile; fileRef = 6910339F245A15F6009D5D58 /* UIStoryboard.swift */; };
		691033A4245A250A009D5D58 /* NewProjectViewController.swift in Sources */ = {isa = PBXBuildFile; fileRef = 691033A3245A250A009D5D58 /* NewProjectViewController.swift */; };
		696E92E5245A499800E7F3DF /* NewProject.storyboard in Resources */ = {isa = PBXBuildFile; fileRef = 696E92E4245A499800E7F3DF /* NewProject.storyboard */; };
		69B04723245754D5002A696D /* AppDelegate.swift in Sources */ = {isa = PBXBuildFile; fileRef = 69B04722245754D5002A696D /* AppDelegate.swift */; };
		69B04725245754D5002A696D /* SceneDelegate.swift in Sources */ = {isa = PBXBuildFile; fileRef = 69B04724245754D5002A696D /* SceneDelegate.swift */; };
		69B04727245754D5002A696D /* ViewController.swift in Sources */ = {isa = PBXBuildFile; fileRef = 69B04726245754D5002A696D /* ViewController.swift */; };
		69B0472A245754D5002A696D /* Main.storyboard in Resources */ = {isa = PBXBuildFile; fileRef = 69B04728245754D5002A696D /* Main.storyboard */; };
		69B0472D245754D5002A696D /* MiniChallengeIV.xcdatamodeld in Sources */ = {isa = PBXBuildFile; fileRef = 69B0472B245754D5002A696D /* MiniChallengeIV.xcdatamodeld */; };
		69B0472F245754D8002A696D /* Assets.xcassets in Resources */ = {isa = PBXBuildFile; fileRef = 69B0472E245754D8002A696D /* Assets.xcassets */; };
		69B04732245754D8002A696D /* LaunchScreen.storyboard in Resources */ = {isa = PBXBuildFile; fileRef = 69B04730245754D8002A696D /* LaunchScreen.storyboard */; };
		69B172902458CAB800D0F31E /* Project.swift in Sources */ = {isa = PBXBuildFile; fileRef = 69B1728F2458CAB800D0F31E /* Project.swift */; };
		69B172922458CAC000D0F31E /* ProjectBO.swift in Sources */ = {isa = PBXBuildFile; fileRef = 69B172912458CAC000D0F31E /* ProjectBO.swift */; };
		69B172942458CACA00D0F31E /* ProjectDAO.swift in Sources */ = {isa = PBXBuildFile; fileRef = 69B172932458CACA00D0F31E /* ProjectDAO.swift */; };
		69C6438C24609D8D00CE475F /* AppNotification.swift in Sources */ = {isa = PBXBuildFile; fileRef = 69C6438B24609D8D00CE475F /* AppNotification.swift */; };
		69ECFA2F2459FD5A00D4F205 /* Projects.storyboard in Resources */ = {isa = PBXBuildFile; fileRef = 69ECFA2E2459FD5A00D4F205 /* Projects.storyboard */; };
		69F56222245B6DAE00EB2AF1 /* ProjectViewController.swift in Sources */ = {isa = PBXBuildFile; fileRef = 69F56221245B6DAE00EB2AF1 /* ProjectViewController.swift */; };
		69F56228245B6E1D00EB2AF1 /* ProjectCollectionViewCell.swift in Sources */ = {isa = PBXBuildFile; fileRef = 69F56227245B6E1D00EB2AF1 /* ProjectCollectionViewCell.swift */; };
		795642562461F68C000A621F /* MiniChallengeIVTests.swift in Sources */ = {isa = PBXBuildFile; fileRef = 795642552461F68C000A621F /* MiniChallengeIVTests.swift */; };
		7956425E2461F718000A621F /* TimeTrackerBOTests.swift in Sources */ = {isa = PBXBuildFile; fileRef = 7956425D2461F718000A621F /* TimeTrackerBOTests.swift */; };
		795642622462146F000A621F /* TimeRecoverBOTests.swift in Sources */ = {isa = PBXBuildFile; fileRef = 795642612462146F000A621F /* TimeRecoverBOTests.swift */; };
		796C3E36245A0079004488D1 /* TimeTrakcerBO.swift in Sources */ = {isa = PBXBuildFile; fileRef = 796C3E35245A0079004488D1 /* TimeTrakcerBO.swift */; };
		796C3E38245A00DF004488D1 /* TimerViewController.swift in Sources */ = {isa = PBXBuildFile; fileRef = 796C3E37245A00DF004488D1 /* TimerViewController.swift */; };
		796C3E3A245A02C2004488D1 /* Timer.storyboard in Resources */ = {isa = PBXBuildFile; fileRef = 796C3E39245A02C2004488D1 /* Timer.storyboard */; };
		E29B1E112458C89C00EA9B48 /* Statistic.swift in Sources */ = {isa = PBXBuildFile; fileRef = E29B1E102458C89C00EA9B48 /* Statistic.swift */; };
		E29B1E132458CA7D00EA9B48 /* StatisticBO.swift in Sources */ = {isa = PBXBuildFile; fileRef = E29B1E122458CA7D00EA9B48 /* StatisticBO.swift */; };
		E29B1E152458CA9B00EA9B48 /* StatisticDAO.swift in Sources */ = {isa = PBXBuildFile; fileRef = E29B1E142458CA9B00EA9B48 /* StatisticDAO.swift */; };
		E2CAB78B2460A0FB00822073 /* TimeRecoverBOTests.swift in Sources */ = {isa = PBXBuildFile; fileRef = E2CAB78A2460A0FB00822073 /* TimeRecoverBOTests.swift */; };
		E2E86FDD245AD3D20006712A /* TimerDataManager.swift in Sources */ = {isa = PBXBuildFile; fileRef = E2E86FDC245AD3D20006712A /* TimerDataManager.swift */; };
		E2F4DCF32461B15600AC83AA /* TimerRecoverBO.swift in Sources */ = {isa = PBXBuildFile; fileRef = E2F4DCF22461B15600AC83AA /* TimerRecoverBO.swift */; };
/* End PBXBuildFile section */

/* Begin PBXContainerItemProxy section */
		69B04744245754D9002A696D /* PBXContainerItemProxy */ = {
			isa = PBXContainerItemProxy;
			containerPortal = 69B04717245754D5002A696D /* Project object */;
			proxyType = 1;
			remoteGlobalIDString = 69B0471E245754D5002A696D;
			remoteInfo = MiniChallengeIV;
		};
		795642582461F68C000A621F /* PBXContainerItemProxy */ = {
			isa = PBXContainerItemProxy;
			containerPortal = 69B04717245754D5002A696D /* Project object */;
			proxyType = 1;
			remoteGlobalIDString = 69B0471E245754D5002A696D;
			remoteInfo = MiniChallengeIV;
		};
/* End PBXContainerItemProxy section */

/* Begin PBXFileReference section */
		402779542461F3190076BE24 /* HandleErrors.swift */ = {isa = PBXFileReference; lastKnownFileType = sourcecode.swift; path = HandleErrors.swift; sourceTree = "<group>"; };
		4027D67F24589D2D0046DE58 /* DatabaseService.swift */ = {isa = PBXFileReference; lastKnownFileType = sourcecode.swift; path = DatabaseService.swift; sourceTree = "<group>"; };
		4061B393245B74220027775C /* Color.swift */ = {isa = PBXFileReference; lastKnownFileType = sourcecode.swift; name = Color.swift; path = MiniChallengeIV/Model/DAO/Color.swift; sourceTree = SOURCE_ROOT; };
		406EA9D12460A56E00903350 /* Task.swift */ = {isa = PBXFileReference; fileEncoding = 4; lastKnownFileType = sourcecode.swift; path = Task.swift; sourceTree = "<group>"; };
		406EA9D52460A5FD00903350 /* CDManager.swift */ = {isa = PBXFileReference; lastKnownFileType = sourcecode.swift; path = CDManager.swift; sourceTree = "<group>"; };
		409D5031245B4E35006D66AC /* TaskBO.swift */ = {isa = PBXFileReference; lastKnownFileType = sourcecode.swift; path = TaskBO.swift; sourceTree = "<group>"; };
		409D5033245B4EC5006D66AC /* TaskDAO.swift */ = {isa = PBXFileReference; lastKnownFileType = sourcecode.swift; path = TaskDAO.swift; sourceTree = "<group>"; };
		6910339F245A15F6009D5D58 /* UIStoryboard.swift */ = {isa = PBXFileReference; lastKnownFileType = sourcecode.swift; path = UIStoryboard.swift; sourceTree = "<group>"; };
		691033A3245A250A009D5D58 /* NewProjectViewController.swift */ = {isa = PBXFileReference; lastKnownFileType = sourcecode.swift; path = NewProjectViewController.swift; sourceTree = "<group>"; };
		696E92E4245A499800E7F3DF /* NewProject.storyboard */ = {isa = PBXFileReference; lastKnownFileType = file.storyboard; path = NewProject.storyboard; sourceTree = "<group>"; };
		69B0471F245754D5002A696D /* MiniChallengeIV.app */ = {isa = PBXFileReference; explicitFileType = wrapper.application; includeInIndex = 0; path = MiniChallengeIV.app; sourceTree = BUILT_PRODUCTS_DIR; };
		69B04722245754D5002A696D /* AppDelegate.swift */ = {isa = PBXFileReference; lastKnownFileType = sourcecode.swift; path = AppDelegate.swift; sourceTree = "<group>"; };
		69B04724245754D5002A696D /* SceneDelegate.swift */ = {isa = PBXFileReference; lastKnownFileType = sourcecode.swift; path = SceneDelegate.swift; sourceTree = "<group>"; };
		69B04726245754D5002A696D /* ViewController.swift */ = {isa = PBXFileReference; lastKnownFileType = sourcecode.swift; path = ViewController.swift; sourceTree = "<group>"; };
		69B04729245754D5002A696D /* Base */ = {isa = PBXFileReference; lastKnownFileType = file.storyboard; name = Base; path = Base.lproj/Main.storyboard; sourceTree = "<group>"; };
		69B0472C245754D5002A696D /* MiniChallengeIV.xcdatamodel */ = {isa = PBXFileReference; lastKnownFileType = wrapper.xcdatamodel; path = MiniChallengeIV.xcdatamodel; sourceTree = "<group>"; };
		69B0472E245754D8002A696D /* Assets.xcassets */ = {isa = PBXFileReference; lastKnownFileType = folder.assetcatalog; path = Assets.xcassets; sourceTree = "<group>"; };
		69B04731245754D8002A696D /* Base */ = {isa = PBXFileReference; lastKnownFileType = file.storyboard; name = Base; path = Base.lproj/LaunchScreen.storyboard; sourceTree = "<group>"; };
		69B04733245754D8002A696D /* Info.plist */ = {isa = PBXFileReference; lastKnownFileType = text.plist.xml; path = Info.plist; sourceTree = "<group>"; };
		69B04743245754D9002A696D /* MiniChallengeIVUITests.xctest */ = {isa = PBXFileReference; explicitFileType = wrapper.cfbundle; includeInIndex = 0; path = MiniChallengeIVUITests.xctest; sourceTree = BUILT_PRODUCTS_DIR; };
		69B04747245754D9002A696D /* MiniChallengeIVUITests.swift */ = {isa = PBXFileReference; lastKnownFileType = sourcecode.swift; path = MiniChallengeIVUITests.swift; sourceTree = "<group>"; };
		69B04749245754D9002A696D /* Info.plist */ = {isa = PBXFileReference; lastKnownFileType = text.plist.xml; path = Info.plist; sourceTree = "<group>"; };
		69B1728F2458CAB800D0F31E /* Project.swift */ = {isa = PBXFileReference; lastKnownFileType = sourcecode.swift; path = Project.swift; sourceTree = "<group>"; };
		69B172912458CAC000D0F31E /* ProjectBO.swift */ = {isa = PBXFileReference; lastKnownFileType = sourcecode.swift; path = ProjectBO.swift; sourceTree = "<group>"; };
		69B172932458CACA00D0F31E /* ProjectDAO.swift */ = {isa = PBXFileReference; lastKnownFileType = sourcecode.swift; path = ProjectDAO.swift; sourceTree = "<group>"; };
		69C6438B24609D8D00CE475F /* AppNotification.swift */ = {isa = PBXFileReference; lastKnownFileType = sourcecode.swift; path = AppNotification.swift; sourceTree = "<group>"; };
		69C7FCAF2460BD000058AF95 /* MiniChallengeIV.entitlements */ = {isa = PBXFileReference; lastKnownFileType = text.plist.entitlements; path = MiniChallengeIV.entitlements; sourceTree = "<group>"; };
		69ECFA2E2459FD5A00D4F205 /* Projects.storyboard */ = {isa = PBXFileReference; lastKnownFileType = file.storyboard; path = Projects.storyboard; sourceTree = "<group>"; };
		69F56221245B6DAE00EB2AF1 /* ProjectViewController.swift */ = {isa = PBXFileReference; lastKnownFileType = sourcecode.swift; name = ProjectViewController.swift; path = ../ProjectViewController.swift; sourceTree = "<group>"; };
		69F56227245B6E1D00EB2AF1 /* ProjectCollectionViewCell.swift */ = {isa = PBXFileReference; lastKnownFileType = sourcecode.swift; name = ProjectCollectionViewCell.swift; path = ../ProjectCollectionViewCell.swift; sourceTree = "<group>"; };
		795642532461F68C000A621F /* MiniChallengeIVTests.xctest */ = {isa = PBXFileReference; explicitFileType = wrapper.cfbundle; includeInIndex = 0; path = MiniChallengeIVTests.xctest; sourceTree = BUILT_PRODUCTS_DIR; };
		795642552461F68C000A621F /* MiniChallengeIVTests.swift */ = {isa = PBXFileReference; lastKnownFileType = sourcecode.swift; path = MiniChallengeIVTests.swift; sourceTree = "<group>"; };
		795642572461F68C000A621F /* Info.plist */ = {isa = PBXFileReference; lastKnownFileType = text.plist.xml; path = Info.plist; sourceTree = "<group>"; };
		7956425D2461F718000A621F /* TimeTrackerBOTests.swift */ = {isa = PBXFileReference; fileEncoding = 4; lastKnownFileType = sourcecode.swift; path = TimeTrackerBOTests.swift; sourceTree = "<group>"; };
		795642612462146F000A621F /* TimeRecoverBOTests.swift */ = {isa = PBXFileReference; fileEncoding = 4; lastKnownFileType = sourcecode.swift; path = TimeRecoverBOTests.swift; sourceTree = "<group>"; };
		796C3E35245A0079004488D1 /* TimeTrakcerBO.swift */ = {isa = PBXFileReference; lastKnownFileType = sourcecode.swift; path = TimeTrakcerBO.swift; sourceTree = "<group>"; };
		796C3E37245A00DF004488D1 /* TimerViewController.swift */ = {isa = PBXFileReference; lastKnownFileType = sourcecode.swift; path = TimerViewController.swift; sourceTree = "<group>"; };
		796C3E39245A02C2004488D1 /* Timer.storyboard */ = {isa = PBXFileReference; lastKnownFileType = file.storyboard; path = Timer.storyboard; sourceTree = "<group>"; };
		E29B1E102458C89C00EA9B48 /* Statistic.swift */ = {isa = PBXFileReference; lastKnownFileType = sourcecode.swift; name = Statistic.swift; path = MiniChallengeIV/Model/Statistic.swift; sourceTree = SOURCE_ROOT; };
		E29B1E122458CA7D00EA9B48 /* StatisticBO.swift */ = {isa = PBXFileReference; lastKnownFileType = sourcecode.swift; path = StatisticBO.swift; sourceTree = SOURCE_ROOT; };
		E29B1E142458CA9B00EA9B48 /* StatisticDAO.swift */ = {isa = PBXFileReference; lastKnownFileType = sourcecode.swift; path = StatisticDAO.swift; sourceTree = "<group>"; };
		E2CAB78A2460A0FB00822073 /* TimeRecoverBOTests.swift */ = {isa = PBXFileReference; lastKnownFileType = sourcecode.swift; path = TimeRecoverBOTests.swift; sourceTree = "<group>"; };
		E2E86FDC245AD3D20006712A /* TimerDataManager.swift */ = {isa = PBXFileReference; lastKnownFileType = sourcecode.swift; path = TimerDataManager.swift; sourceTree = "<group>"; };
		E2F4DCF22461B15600AC83AA /* TimerRecoverBO.swift */ = {isa = PBXFileReference; lastKnownFileType = sourcecode.swift; path = TimerRecoverBO.swift; sourceTree = "<group>"; };
/* End PBXFileReference section */

/* Begin PBXFrameworksBuildPhase section */
		69B0471C245754D5002A696D /* Frameworks */ = {
			isa = PBXFrameworksBuildPhase;
			buildActionMask = 2147483647;
			files = (
			);
			runOnlyForDeploymentPostprocessing = 0;
		};
		69B04740245754D9002A696D /* Frameworks */ = {
			isa = PBXFrameworksBuildPhase;
			buildActionMask = 2147483647;
			files = (
			);
			runOnlyForDeploymentPostprocessing = 0;
		};
		795642502461F68C000A621F /* Frameworks */ = {
			isa = PBXFrameworksBuildPhase;
			buildActionMask = 2147483647;
			files = (
			);
			runOnlyForDeploymentPostprocessing = 0;
		};
/* End PBXFrameworksBuildPhase section */

/* Begin PBXGroup section */
		402779532461F2C10076BE24 /* Helpers */ = {
			isa = PBXGroup;
			children = (
				69B0475A24575645002A696D /* Extension */,
				4027D6822458C7840046DE58 /* Protocols */,
				402779542461F3190076BE24 /* HandleErrors.swift */,
			);
			path = Helpers;
			sourceTree = "<group>";
		};
		4027D6822458C7840046DE58 /* Protocols */ = {
			isa = PBXGroup;
			children = (
				4027D67F24589D2D0046DE58 /* DatabaseService.swift */,
				E2E86FDC245AD3D20006712A /* TimerDataManager.swift */,
			);
			path = Protocols;
			sourceTree = "<group>";
		};
		6910339A245A11DC009D5D58 /* Projects */ = {
			isa = PBXGroup;
			children = (
				69F56221245B6DAE00EB2AF1 /* ProjectViewController.swift */,
				69F56227245B6E1D00EB2AF1 /* ProjectCollectionViewCell.swift */,
				691033A3245A250A009D5D58 /* NewProjectViewController.swift */,
			);
			path = Projects;
			sourceTree = "<group>";
		};
		69B04716245754D5002A696D = {
			isa = PBXGroup;
			children = (
				69B04721245754D5002A696D /* MiniChallengeIV */,
				795642542461F68C000A621F /* MiniChallengeIVTests */,
				69B04746245754D9002A696D /* MiniChallengeIVUITests */,
				69B04720245754D5002A696D /* Products */,
				7956426024621440000A621F /* Recovered References */,
			);
			sourceTree = "<group>";
		};
		69B04720245754D5002A696D /* Products */ = {
			isa = PBXGroup;
			children = (
				69B0471F245754D5002A696D /* MiniChallengeIV.app */,
				69B04743245754D9002A696D /* MiniChallengeIVUITests.xctest */,
				795642532461F68C000A621F /* MiniChallengeIVTests.xctest */,
			);
			name = Products;
			sourceTree = "<group>";
		};
		69B04721245754D5002A696D /* MiniChallengeIV */ = {
			isa = PBXGroup;
			children = (
				402779532461F2C10076BE24 /* Helpers */,
				69B04755245754F2002A696D /* Model */,
				69B0475E245756CA002A696D /* DAO */,
				69B0475D245756BE002A696D /* BO */,
				69B04756245754F8002A696D /* View */,
				69B04757245754FE002A696D /* Controller */,
				69B0475B24575675002A696D /* AppDelegate */,
				69B0472E245754D8002A696D /* Assets.xcassets */,
				69B04733245754D8002A696D /* Info.plist */,
				69B0472B245754D5002A696D /* MiniChallengeIV.xcdatamodeld */,
			);
			path = MiniChallengeIV;
			sourceTree = "<group>";
		};
		69B04746245754D9002A696D /* MiniChallengeIVUITests */ = {
			isa = PBXGroup;
			children = (
				69B04747245754D9002A696D /* MiniChallengeIVUITests.swift */,
				69B04749245754D9002A696D /* Info.plist */,
			);
			path = MiniChallengeIVUITests;
			sourceTree = "<group>";
		};
		69B04755245754F2002A696D /* Model */ = {
			isa = PBXGroup;
			children = (
				69B1728F2458CAB800D0F31E /* Project.swift */,
				E29B1E102458C89C00EA9B48 /* Statistic.swift */,
				406EA9D12460A56E00903350 /* Task.swift */,
			);
			path = Model;
			sourceTree = "<group>";
		};
		69B04756245754F8002A696D /* View */ = {
			isa = PBXGroup;
			children = (
				69B04730245754D8002A696D /* LaunchScreen.storyboard */,
				69B04728245754D5002A696D /* Main.storyboard */,
				796C3E39245A02C2004488D1 /* Timer.storyboard */,
				69ECFA2E2459FD5A00D4F205 /* Projects.storyboard */,
				696E92E4245A499800E7F3DF /* NewProject.storyboard */,
			);
			path = View;
			sourceTree = "<group>";
		};
		69B04757245754FE002A696D /* Controller */ = {
			isa = PBXGroup;
			children = (
				6910339A245A11DC009D5D58 /* Projects */,
				69B04726245754D5002A696D /* ViewController.swift */,
				796C3E37245A00DF004488D1 /* TimerViewController.swift */,
			);
			path = Controller;
			sourceTree = "<group>";
		};
		69B0475A24575645002A696D /* Extension */ = {
			isa = PBXGroup;
			children = (
				4061B393245B74220027775C /* Color.swift */,
				6910339F245A15F6009D5D58 /* UIStoryboard.swift */,
			);
			path = Extension;
			sourceTree = "<group>";
		};
		69B0475B24575675002A696D /* AppDelegate */ = {
			isa = PBXGroup;
			children = (
				69B04722245754D5002A696D /* AppDelegate.swift */,
				69B04724245754D5002A696D /* SceneDelegate.swift */,
			);
			path = AppDelegate;
			sourceTree = "<group>";
		};
		69B0475D245756BE002A696D /* BO */ = {
			isa = PBXGroup;
			children = (
				69B172912458CAC000D0F31E /* ProjectBO.swift */,
				E29B1E122458CA7D00EA9B48 /* StatisticBO.swift */,
				409D5031245B4E35006D66AC /* TaskBO.swift */,
				796C3E35245A0079004488D1 /* TimeTrakcerBO.swift */,
				69C6438B24609D8D00CE475F /* AppNotification.swift */,
				E2F4DCF22461B15600AC83AA /* TimerRecoverBO.swift */,
			);
			path = BO;
			sourceTree = "<group>";
		};
		69B0475E245756CA002A696D /* DAO */ = {
			isa = PBXGroup;
			children = (
				69B172932458CACA00D0F31E /* ProjectDAO.swift */,
				E29B1E142458CA9B00EA9B48 /* StatisticDAO.swift */,
				409D5033245B4EC5006D66AC /* TaskDAO.swift */,
				406EA9D52460A5FD00903350 /* CDManager.swift */,
			);
			path = DAO;
			sourceTree = "<group>";
		};
		795642542461F68C000A621F /* MiniChallengeIVTests */ = {
			isa = PBXGroup;
			children = (
				795642612462146F000A621F /* TimeRecoverBOTests.swift */,
				7956425D2461F718000A621F /* TimeTrackerBOTests.swift */,
				795642552461F68C000A621F /* MiniChallengeIVTests.swift */,
				795642572461F68C000A621F /* Info.plist */,
			);
			path = MiniChallengeIVTests;
			sourceTree = "<group>";
		};
		7956426024621440000A621F /* Recovered References */ = {
			isa = PBXGroup;
			children = (
				E2CAB78A2460A0FB00822073 /* TimeRecoverBOTests.swift */,
			);
			name = "Recovered References";
			sourceTree = "<group>";
		};
/* End PBXGroup section */

/* Begin PBXNativeTarget section */
		69B0471E245754D5002A696D /* MiniChallengeIV */ = {
			isa = PBXNativeTarget;
			buildConfigurationList = 69B0474C245754D9002A696D /* Build configuration list for PBXNativeTarget "MiniChallengeIV" */;
			buildPhases = (
				69B0471B245754D5002A696D /* Sources */,
				69B0471C245754D5002A696D /* Frameworks */,
				69B0471D245754D5002A696D /* Resources */,
			);
			buildRules = (
			);
			dependencies = (
			);
			name = MiniChallengeIV;
			productName = MiniChallengeIV;
			productReference = 69B0471F245754D5002A696D /* MiniChallengeIV.app */;
			productType = "com.apple.product-type.application";
		};
		69B04742245754D9002A696D /* MiniChallengeIVUITests */ = {
			isa = PBXNativeTarget;
			buildConfigurationList = 69B04752245754D9002A696D /* Build configuration list for PBXNativeTarget "MiniChallengeIVUITests" */;
			buildPhases = (
				69B0473F245754D9002A696D /* Sources */,
				69B04740245754D9002A696D /* Frameworks */,
				69B04741245754D9002A696D /* Resources */,
			);
			buildRules = (
			);
			dependencies = (
				69B04745245754D9002A696D /* PBXTargetDependency */,
			);
			name = MiniChallengeIVUITests;
			productName = MiniChallengeIVUITests;
			productReference = 69B04743245754D9002A696D /* MiniChallengeIVUITests.xctest */;
			productType = "com.apple.product-type.bundle.ui-testing";
		};
		795642522461F68C000A621F /* MiniChallengeIVTests */ = {
			isa = PBXNativeTarget;
			buildConfigurationList = 7956425A2461F68C000A621F /* Build configuration list for PBXNativeTarget "MiniChallengeIVTests" */;
			buildPhases = (
				7956424F2461F68C000A621F /* Sources */,
				795642502461F68C000A621F /* Frameworks */,
				795642512461F68C000A621F /* Resources */,
			);
			buildRules = (
			);
			dependencies = (
				795642592461F68C000A621F /* PBXTargetDependency */,
			);
			name = MiniChallengeIVTests;
			productName = MiniChallengeIVTests;
			productReference = 795642532461F68C000A621F /* MiniChallengeIVTests.xctest */;
			productType = "com.apple.product-type.bundle.unit-test";
		};
/* End PBXNativeTarget section */

/* Begin PBXProject section */
		69B04717245754D5002A696D /* Project object */ = {
			isa = PBXProject;
			attributes = {
				LastSwiftUpdateCheck = 1140;
				LastUpgradeCheck = 1140;
				ORGANIZATIONNAME = "Murilo Teixeira";
				TargetAttributes = {
					69B0471E245754D5002A696D = {
						CreatedOnToolsVersion = 11.4.1;
					};
					69B04742245754D9002A696D = {
						CreatedOnToolsVersion = 11.4.1;
						TestTargetID = 69B0471E245754D5002A696D;
					};
					795642522461F68C000A621F = {
						CreatedOnToolsVersion = 11.4.1;
						TestTargetID = 69B0471E245754D5002A696D;
					};
				};
			};
			buildConfigurationList = 69B0471A245754D5002A696D /* Build configuration list for PBXProject "MiniChallengeIV" */;
			compatibilityVersion = "Xcode 9.3";
			developmentRegion = en;
			hasScannedForEncodings = 0;
			knownRegions = (
				en,
				Base,
			);
			mainGroup = 69B04716245754D5002A696D;
			productRefGroup = 69B04720245754D5002A696D /* Products */;
			projectDirPath = "";
			projectRoot = "";
			targets = (
				69B0471E245754D5002A696D /* MiniChallengeIV */,
				69B04742245754D9002A696D /* MiniChallengeIVUITests */,
				795642522461F68C000A621F /* MiniChallengeIVTests */,
			);
		};
/* End PBXProject section */

/* Begin PBXResourcesBuildPhase section */
		69B0471D245754D5002A696D /* Resources */ = {
			isa = PBXResourcesBuildPhase;
			buildActionMask = 2147483647;
			files = (
				69ECFA2F2459FD5A00D4F205 /* Projects.storyboard in Resources */,
				696E92E5245A499800E7F3DF /* NewProject.storyboard in Resources */,
				69B04732245754D8002A696D /* LaunchScreen.storyboard in Resources */,
				69B0472F245754D8002A696D /* Assets.xcassets in Resources */,
				69B0472A245754D5002A696D /* Main.storyboard in Resources */,
				796C3E3A245A02C2004488D1 /* Timer.storyboard in Resources */,
			);
			runOnlyForDeploymentPostprocessing = 0;
		};
		69B04741245754D9002A696D /* Resources */ = {
			isa = PBXResourcesBuildPhase;
			buildActionMask = 2147483647;
			files = (
			);
			runOnlyForDeploymentPostprocessing = 0;
		};
		795642512461F68C000A621F /* Resources */ = {
			isa = PBXResourcesBuildPhase;
			buildActionMask = 2147483647;
			files = (
			);
			runOnlyForDeploymentPostprocessing = 0;
		};
/* End PBXResourcesBuildPhase section */

/* Begin PBXSourcesBuildPhase section */
		69B0471B245754D5002A696D /* Sources */ = {
			isa = PBXSourcesBuildPhase;
			buildActionMask = 2147483647;
			files = (
				69F56222245B6DAE00EB2AF1 /* ProjectViewController.swift in Sources */,
				4027D68024589D2D0046DE58 /* DatabaseService.swift in Sources */,
				4061B394245B74220027775C /* Color.swift in Sources */,
				69B172902458CAB800D0F31E /* Project.swift in Sources */,
				406EA9D62460A5FD00903350 /* CDManager.swift in Sources */,
				69B172922458CAC000D0F31E /* ProjectBO.swift in Sources */,
				691033A0245A15F6009D5D58 /* UIStoryboard.swift in Sources */,
				E2F4DCF32461B15600AC83AA /* TimerRecoverBO.swift in Sources */,
				69B04727245754D5002A696D /* ViewController.swift in Sources */,
				409D5034245B4EC5006D66AC /* TaskDAO.swift in Sources */,
				E2E86FDD245AD3D20006712A /* TimerDataManager.swift in Sources */,
				69F56228245B6E1D00EB2AF1 /* ProjectCollectionViewCell.swift in Sources */,
				409D5032245B4E35006D66AC /* TaskBO.swift in Sources */,
				406EA9D22460A56E00903350 /* Task.swift in Sources */,
				E29B1E132458CA7D00EA9B48 /* StatisticBO.swift in Sources */,
				691033A4245A250A009D5D58 /* NewProjectViewController.swift in Sources */,
				69B04723245754D5002A696D /* AppDelegate.swift in Sources */,
				796C3E36245A0079004488D1 /* TimeTrakcerBO.swift in Sources */,
				402779552461F3190076BE24 /* HandleErrors.swift in Sources */,
				69B172942458CACA00D0F31E /* ProjectDAO.swift in Sources */,
				69B04725245754D5002A696D /* SceneDelegate.swift in Sources */,
				796C3E38245A00DF004488D1 /* TimerViewController.swift in Sources */,
				E29B1E152458CA9B00EA9B48 /* StatisticDAO.swift in Sources */,
				E29B1E112458C89C00EA9B48 /* Statistic.swift in Sources */,
				69B0472D245754D5002A696D /* MiniChallengeIV.xcdatamodeld in Sources */,
				69C6438C24609D8D00CE475F /* AppNotification.swift in Sources */,
			);
			runOnlyForDeploymentPostprocessing = 0;
		};
		69B0473F245754D9002A696D /* Sources */ = {
			isa = PBXSourcesBuildPhase;
			buildActionMask = 2147483647;
			files = (
				E2CAB78B2460A0FB00822073 /* TimeRecoverBOTests.swift in Sources */,
			);
			runOnlyForDeploymentPostprocessing = 0;
		};
		7956424F2461F68C000A621F /* Sources */ = {
			isa = PBXSourcesBuildPhase;
			buildActionMask = 2147483647;
			files = (
				7956425E2461F718000A621F /* TimeTrackerBOTests.swift in Sources */,
				795642622462146F000A621F /* TimeRecoverBOTests.swift in Sources */,
				795642562461F68C000A621F /* MiniChallengeIVTests.swift in Sources */,
			);
			runOnlyForDeploymentPostprocessing = 0;
		};
/* End PBXSourcesBuildPhase section */

/* Begin PBXTargetDependency section */
		69B04745245754D9002A696D /* PBXTargetDependency */ = {
			isa = PBXTargetDependency;
			target = 69B0471E245754D5002A696D /* MiniChallengeIV */;
			targetProxy = 69B04744245754D9002A696D /* PBXContainerItemProxy */;
		};
		795642592461F68C000A621F /* PBXTargetDependency */ = {
			isa = PBXTargetDependency;
			target = 69B0471E245754D5002A696D /* MiniChallengeIV */;
			targetProxy = 795642582461F68C000A621F /* PBXContainerItemProxy */;
		};
/* End PBXTargetDependency section */

/* Begin PBXVariantGroup section */
		69B04728245754D5002A696D /* Main.storyboard */ = {
			isa = PBXVariantGroup;
			children = (
				69B04729245754D5002A696D /* Base */,
			);
			name = Main.storyboard;
			sourceTree = "<group>";
		};
		69B04730245754D8002A696D /* LaunchScreen.storyboard */ = {
			isa = PBXVariantGroup;
			children = (
				69B04731245754D8002A696D /* Base */,
			);
			name = LaunchScreen.storyboard;
			sourceTree = "<group>";
		};
/* End PBXVariantGroup section */

/* Begin XCBuildConfiguration section */
		69B0474A245754D9002A696D /* Debug */ = {
			isa = XCBuildConfiguration;
			buildSettings = {
				ALWAYS_SEARCH_USER_PATHS = NO;
				CLANG_ANALYZER_NONNULL = YES;
				CLANG_ANALYZER_NUMBER_OBJECT_CONVERSION = YES_AGGRESSIVE;
				CLANG_CXX_LANGUAGE_STANDARD = "gnu++14";
				CLANG_CXX_LIBRARY = "libc++";
				CLANG_ENABLE_MODULES = YES;
				CLANG_ENABLE_OBJC_ARC = YES;
				CLANG_ENABLE_OBJC_WEAK = YES;
				CLANG_WARN_BLOCK_CAPTURE_AUTORELEASING = YES;
				CLANG_WARN_BOOL_CONVERSION = YES;
				CLANG_WARN_COMMA = YES;
				CLANG_WARN_CONSTANT_CONVERSION = YES;
				CLANG_WARN_DEPRECATED_OBJC_IMPLEMENTATIONS = YES;
				CLANG_WARN_DIRECT_OBJC_ISA_USAGE = YES_ERROR;
				CLANG_WARN_DOCUMENTATION_COMMENTS = YES;
				CLANG_WARN_EMPTY_BODY = YES;
				CLANG_WARN_ENUM_CONVERSION = YES;
				CLANG_WARN_INFINITE_RECURSION = YES;
				CLANG_WARN_INT_CONVERSION = YES;
				CLANG_WARN_NON_LITERAL_NULL_CONVERSION = YES;
				CLANG_WARN_OBJC_IMPLICIT_RETAIN_SELF = YES;
				CLANG_WARN_OBJC_LITERAL_CONVERSION = YES;
				CLANG_WARN_OBJC_ROOT_CLASS = YES_ERROR;
				CLANG_WARN_RANGE_LOOP_ANALYSIS = YES;
				CLANG_WARN_STRICT_PROTOTYPES = YES;
				CLANG_WARN_SUSPICIOUS_MOVE = YES;
				CLANG_WARN_UNGUARDED_AVAILABILITY = YES_AGGRESSIVE;
				CLANG_WARN_UNREACHABLE_CODE = YES;
				CLANG_WARN__DUPLICATE_METHOD_MATCH = YES;
				COPY_PHASE_STRIP = NO;
				DEBUG_INFORMATION_FORMAT = dwarf;
				ENABLE_STRICT_OBJC_MSGSEND = YES;
				ENABLE_TESTABILITY = YES;
				GCC_C_LANGUAGE_STANDARD = gnu11;
				GCC_DYNAMIC_NO_PIC = NO;
				GCC_NO_COMMON_BLOCKS = YES;
				GCC_OPTIMIZATION_LEVEL = 0;
				GCC_PREPROCESSOR_DEFINITIONS = (
					"DEBUG=1",
					"$(inherited)",
				);
				GCC_WARN_64_TO_32_BIT_CONVERSION = YES;
				GCC_WARN_ABOUT_RETURN_TYPE = YES_ERROR;
				GCC_WARN_UNDECLARED_SELECTOR = YES;
				GCC_WARN_UNINITIALIZED_AUTOS = YES_AGGRESSIVE;
				GCC_WARN_UNUSED_FUNCTION = YES;
				GCC_WARN_UNUSED_VARIABLE = YES;
				IPHONEOS_DEPLOYMENT_TARGET = 13.4;
				MTL_ENABLE_DEBUG_INFO = INCLUDE_SOURCE;
				MTL_FAST_MATH = YES;
				ONLY_ACTIVE_ARCH = YES;
				SDKROOT = iphoneos;
				SWIFT_ACTIVE_COMPILATION_CONDITIONS = DEBUG;
				SWIFT_OPTIMIZATION_LEVEL = "-Onone";
			};
			name = Debug;
		};
		69B0474B245754D9002A696D /* Release */ = {
			isa = XCBuildConfiguration;
			buildSettings = {
				ALWAYS_SEARCH_USER_PATHS = NO;
				CLANG_ANALYZER_NONNULL = YES;
				CLANG_ANALYZER_NUMBER_OBJECT_CONVERSION = YES_AGGRESSIVE;
				CLANG_CXX_LANGUAGE_STANDARD = "gnu++14";
				CLANG_CXX_LIBRARY = "libc++";
				CLANG_ENABLE_MODULES = YES;
				CLANG_ENABLE_OBJC_ARC = YES;
				CLANG_ENABLE_OBJC_WEAK = YES;
				CLANG_WARN_BLOCK_CAPTURE_AUTORELEASING = YES;
				CLANG_WARN_BOOL_CONVERSION = YES;
				CLANG_WARN_COMMA = YES;
				CLANG_WARN_CONSTANT_CONVERSION = YES;
				CLANG_WARN_DEPRECATED_OBJC_IMPLEMENTATIONS = YES;
				CLANG_WARN_DIRECT_OBJC_ISA_USAGE = YES_ERROR;
				CLANG_WARN_DOCUMENTATION_COMMENTS = YES;
				CLANG_WARN_EMPTY_BODY = YES;
				CLANG_WARN_ENUM_CONVERSION = YES;
				CLANG_WARN_INFINITE_RECURSION = YES;
				CLANG_WARN_INT_CONVERSION = YES;
				CLANG_WARN_NON_LITERAL_NULL_CONVERSION = YES;
				CLANG_WARN_OBJC_IMPLICIT_RETAIN_SELF = YES;
				CLANG_WARN_OBJC_LITERAL_CONVERSION = YES;
				CLANG_WARN_OBJC_ROOT_CLASS = YES_ERROR;
				CLANG_WARN_RANGE_LOOP_ANALYSIS = YES;
				CLANG_WARN_STRICT_PROTOTYPES = YES;
				CLANG_WARN_SUSPICIOUS_MOVE = YES;
				CLANG_WARN_UNGUARDED_AVAILABILITY = YES_AGGRESSIVE;
				CLANG_WARN_UNREACHABLE_CODE = YES;
				CLANG_WARN__DUPLICATE_METHOD_MATCH = YES;
				COPY_PHASE_STRIP = NO;
				DEBUG_INFORMATION_FORMAT = "dwarf-with-dsym";
				ENABLE_NS_ASSERTIONS = NO;
				ENABLE_STRICT_OBJC_MSGSEND = YES;
				GCC_C_LANGUAGE_STANDARD = gnu11;
				GCC_NO_COMMON_BLOCKS = YES;
				GCC_WARN_64_TO_32_BIT_CONVERSION = YES;
				GCC_WARN_ABOUT_RETURN_TYPE = YES_ERROR;
				GCC_WARN_UNDECLARED_SELECTOR = YES;
				GCC_WARN_UNINITIALIZED_AUTOS = YES_AGGRESSIVE;
				GCC_WARN_UNUSED_FUNCTION = YES;
				GCC_WARN_UNUSED_VARIABLE = YES;
				IPHONEOS_DEPLOYMENT_TARGET = 13.4;
				MTL_ENABLE_DEBUG_INFO = NO;
				MTL_FAST_MATH = YES;
				SDKROOT = iphoneos;
				SWIFT_COMPILATION_MODE = wholemodule;
				SWIFT_OPTIMIZATION_LEVEL = "-O";
				VALIDATE_PRODUCT = YES;
			};
			name = Release;
		};
		69B0474D245754D9002A696D /* Debug */ = {
			isa = XCBuildConfiguration;
			buildSettings = {
				ASSETCATALOG_COMPILER_APPICON_NAME = AppIcon;
				CODE_SIGN_ENTITLEMENTS = MiniChallengeIV/MiniChallengeIV.entitlements;
				CODE_SIGN_STYLE = Automatic;
				DEVELOPMENT_TEAM = BY575KUK4V;
				INFOPLIST_FILE = MiniChallengeIV/Info.plist;
				IPHONEOS_DEPLOYMENT_TARGET = 13.4;
				LD_RUNPATH_SEARCH_PATHS = (
					"$(inherited)",
					"@executable_path/Frameworks",
				);
				PRODUCT_BUNDLE_IDENTIFIER = com.teixeira.murilo.MiniChallengeIV;
				PRODUCT_NAME = "$(TARGET_NAME)";
				SWIFT_VERSION = 5.0;
				TARGETED_DEVICE_FAMILY = "1,2";
			};
			name = Debug;
		};
		69B0474E245754D9002A696D /* Release */ = {
			isa = XCBuildConfiguration;
			buildSettings = {
				ASSETCATALOG_COMPILER_APPICON_NAME = AppIcon;
				CODE_SIGN_ENTITLEMENTS = MiniChallengeIV/MiniChallengeIV.entitlements;
				CODE_SIGN_STYLE = Automatic;
				DEVELOPMENT_TEAM = BY575KUK4V;
				INFOPLIST_FILE = MiniChallengeIV/Info.plist;
				IPHONEOS_DEPLOYMENT_TARGET = 13.4;
				LD_RUNPATH_SEARCH_PATHS = (
					"$(inherited)",
					"@executable_path/Frameworks",
				);
				PRODUCT_BUNDLE_IDENTIFIER = com.teixeira.murilo.MiniChallengeIV;
				PRODUCT_NAME = "$(TARGET_NAME)";
				SWIFT_VERSION = 5.0;
				TARGETED_DEVICE_FAMILY = "1,2";
			};
			name = Release;
		};
		69B04753245754D9002A696D /* Debug */ = {
			isa = XCBuildConfiguration;
			buildSettings = {
				ALWAYS_EMBED_SWIFT_STANDARD_LIBRARIES = YES;
				CODE_SIGN_STYLE = Automatic;
				DEVELOPMENT_TEAM = BY575KUK4V;
				INFOPLIST_FILE = MiniChallengeIVUITests/Info.plist;
				LD_RUNPATH_SEARCH_PATHS = (
					"$(inherited)",
					"@executable_path/Frameworks",
					"@loader_path/Frameworks",
				);
				PRODUCT_BUNDLE_IDENTIFIER = com.teixeira.murilo.MiniChallengeIVUITests;
				PRODUCT_NAME = "$(TARGET_NAME)";
				SWIFT_VERSION = 5.0;
				TARGETED_DEVICE_FAMILY = "1,2";
				TEST_TARGET_NAME = MiniChallengeIV;
			};
			name = Debug;
		};
		69B04754245754D9002A696D /* Release */ = {
			isa = XCBuildConfiguration;
			buildSettings = {
				ALWAYS_EMBED_SWIFT_STANDARD_LIBRARIES = YES;
				CODE_SIGN_STYLE = Automatic;
				DEVELOPMENT_TEAM = BY575KUK4V;
				INFOPLIST_FILE = MiniChallengeIVUITests/Info.plist;
				LD_RUNPATH_SEARCH_PATHS = (
					"$(inherited)",
					"@executable_path/Frameworks",
					"@loader_path/Frameworks",
				);
				PRODUCT_BUNDLE_IDENTIFIER = com.teixeira.murilo.MiniChallengeIVUITests;
				PRODUCT_NAME = "$(TARGET_NAME)";
				SWIFT_VERSION = 5.0;
				TARGETED_DEVICE_FAMILY = "1,2";
				TEST_TARGET_NAME = MiniChallengeIV;
			};
			name = Release;
		};
		7956425B2461F68C000A621F /* Debug */ = {
			isa = XCBuildConfiguration;
			buildSettings = {
				BUNDLE_LOADER = "$(TEST_HOST)";
				CODE_SIGN_STYLE = Automatic;
				DEVELOPMENT_TEAM = BY575KUK4V;
				INFOPLIST_FILE = MiniChallengeIVTests/Info.plist;
				LD_RUNPATH_SEARCH_PATHS = (
					"$(inherited)",
					"@executable_path/Frameworks",
					"@loader_path/Frameworks",
				);
				PRODUCT_BUNDLE_IDENTIFIER = fabio.MiniChallengeIVTests;
				PRODUCT_NAME = "$(TARGET_NAME)";
				SWIFT_VERSION = 5.0;
				TARGETED_DEVICE_FAMILY = "1,2";
				TEST_HOST = "$(BUILT_PRODUCTS_DIR)/MiniChallengeIV.app/MiniChallengeIV";
			};
			name = Debug;
		};
		7956425C2461F68C000A621F /* Release */ = {
			isa = XCBuildConfiguration;
			buildSettings = {
				BUNDLE_LOADER = "$(TEST_HOST)";
				CODE_SIGN_STYLE = Automatic;
				DEVELOPMENT_TEAM = BY575KUK4V;
				INFOPLIST_FILE = MiniChallengeIVTests/Info.plist;
				LD_RUNPATH_SEARCH_PATHS = (
					"$(inherited)",
					"@executable_path/Frameworks",
					"@loader_path/Frameworks",
				);
				PRODUCT_BUNDLE_IDENTIFIER = fabio.MiniChallengeIVTests;
				PRODUCT_NAME = "$(TARGET_NAME)";
				SWIFT_VERSION = 5.0;
				TARGETED_DEVICE_FAMILY = "1,2";
				TEST_HOST = "$(BUILT_PRODUCTS_DIR)/MiniChallengeIV.app/MiniChallengeIV";
			};
			name = Release;
		};
/* End XCBuildConfiguration section */

/* Begin XCConfigurationList section */
		69B0471A245754D5002A696D /* Build configuration list for PBXProject "MiniChallengeIV" */ = {
			isa = XCConfigurationList;
			buildConfigurations = (
				69B0474A245754D9002A696D /* Debug */,
				69B0474B245754D9002A696D /* Release */,
			);
			defaultConfigurationIsVisible = 0;
			defaultConfigurationName = Release;
		};
		69B0474C245754D9002A696D /* Build configuration list for PBXNativeTarget "MiniChallengeIV" */ = {
			isa = XCConfigurationList;
			buildConfigurations = (
				69B0474D245754D9002A696D /* Debug */,
				69B0474E245754D9002A696D /* Release */,
			);
			defaultConfigurationIsVisible = 0;
			defaultConfigurationName = Release;
		};
		69B04752245754D9002A696D /* Build configuration list for PBXNativeTarget "MiniChallengeIVUITests" */ = {
			isa = XCConfigurationList;
			buildConfigurations = (
				69B04753245754D9002A696D /* Debug */,
				69B04754245754D9002A696D /* Release */,
			);
			defaultConfigurationIsVisible = 0;
			defaultConfigurationName = Release;
		};
		7956425A2461F68C000A621F /* Build configuration list for PBXNativeTarget "MiniChallengeIVTests" */ = {
			isa = XCConfigurationList;
			buildConfigurations = (
				7956425B2461F68C000A621F /* Debug */,
				7956425C2461F68C000A621F /* Release */,
			);
			defaultConfigurationIsVisible = 0;
			defaultConfigurationName = Release;
		};
/* End XCConfigurationList section */

/* Begin XCVersionGroup section */
		69B0472B245754D5002A696D /* MiniChallengeIV.xcdatamodeld */ = {
			isa = XCVersionGroup;
			children = (
				69B0472C245754D5002A696D /* MiniChallengeIV.xcdatamodel */,
			);
			currentVersion = 69B0472C245754D5002A696D /* MiniChallengeIV.xcdatamodel */;
			path = MiniChallengeIV.xcdatamodeld;
			sourceTree = "<group>";
			versionGroupType = wrapper.xcdatamodel;
		};
/* End XCVersionGroup section */
	};
	rootObject = 69B04717245754D5002A696D /* Project object */;
}
